{
  "name": "virtuoso-uid",
  "version": "1.0.6",
  "lockfileVersion": 1,
  "dependencies": {
    "querystring": {
      "version": "0.2.0",
      "resolved": "https://registry.npmjs.org/querystring/-/querystring-0.2.0.tgz",
      "integrity": "sha1-sgmEkgO7Jd+CDadW50cAWHhSFiA="
    },
    "request": {
      "version": "1.9.0",
      "resolved": "https://registry.npmjs.org/request/-/request-1.9.0.tgz",
      "integrity": "sha1-Z3WLSNpB9CQMbtUNK9jO2BV7S7E="
    },
    "validator": {
      "version": "6.3.0",
      "resolved": "https://registry.npmjs.org/validator/-/validator-6.3.0.tgz",
      "integrity": "sha1-R84j7Y1Ord+p1LjvAHG2zxB418g="
    },
    "virtuoso-sparql-client": {
      "version": "0.1.0",
      "resolved": "https://registry.npmjs.org/virtuoso-sparql-client/-/virtuoso-sparql-client-0.1.0.tgz",
      "integrity": "sha512-h1bxBkCna+0/rvDS1ek80D1OcEoS5MyY28xmwDTqhMnymFqhyha+JvjLuCx75tGfkFLpSyL1RR3B63jgP71LQQ=="
    }
  }
}
